{
  "nodes": {
    "claude-code": {
      "inputs": {
        "nixpkgs": "nixpkgs",
        "systems": "systems"
      },
      "locked": {
        "lastModified": 1787448531,
        "narHash": "sha256-XL0bbQUXgB5TXKWUBzAVxbNwsoII/XQmuHpwqaRI6OQ=",
        "owner": "sadjow",
        "repo": "claude-code-nix",
        "rev": "a652fdf13cf7ac39be23fafbca3e1d6290eff001",
        "type": "github"
      },
      "original": {
        "owner": "sadjow",
        "repo": "claude-code-nix",
        "type": "github"
      }
    },
    "firefox-addons": {
      "inputs": {
        "nixpkgs": [
          "nixpkgs"
        ]
      },
      "locked": {
        "dir": "pkgs/firefox-addons",
        "lastModified": 1787457768,
        "narHash": "sha256-cbgeu5NTb6DtB+tNs4E6z6K/1XKKM90gVmlkWMJe+gY=",
        "owner": "rycee",
        "repo": "nur-expressions",
        "rev": "25cfc8fdc413d73b3a47e3e86dafcad51cf5c9f9",
        "type": "gitlab"
      },
      "original": {
        "dir": "pkgs/firefox-addons",
        "owner": "rycee",
        "repo": "nur-expressions",
        "type": "gitlab"
      }
    },
    "firefox-addons-2605": {
      "inputs": {
        "nixpkgs": [
          "nixpkgs-2605"
        ]
      },
      "locked": {
        "dir": "pkgs/firefox-addons",
        "lastModified": 1787457768,
        "narHash": "sha256-cbgeu5NTb6DtB+tNs4E6z6K/1XKKM90gVmlkWMJe+gY=",
        "owner": "rycee",
        "repo": "nur-expressions",
        "rev": "25cfc8fdc413d73b3a47e3e86dafcad51cf5c9f9",
        "type": "gitlab"
      },
      "original": {
        "dir": "pkgs/firefox-addons",
        "owner": "rycee",
        "repo": "nur-expressions",
        "type": "gitlab"
      }
    },
    "home-manager": {
      "inputs": {
        "nixpkgs": [
          "nixpkgs"
        ]
      },
      "locked": {
        "lastModified": 1787487906,
        "narHash": "sha256-zIdM+8teujHm5hc5MIPDnV7k2UeOOT/pFyFtWjOCwsY=",
        "owner": "nix-community",
        "repo": "home-manager",
        "rev": "cfba7ad5886b342b8dd63ba74354b3853ea4cfc9",
        "type": "github"
      },
      "original": {
        "owner": "nix-community",
        "repo": "home-manager",
        "type": "github"
      }
    },
    "home-manager-2605": {
      "inputs": {
        "nixpkgs": [
          "nixpkgs-2605"
        ]
      },
      "locked": {
        "lastModified": 1787377438,
        "narHash": "sha256-Sxu1NLTD/Ern6hFGLlZmtKCSct3YQXZI/lls8RE1XeM=",
        "owner": "nix-community",
        "repo": "home-manager",
        "rev": "65258d5c65a250189fde2e35f490d15e064c4c62",
        "type": "github"
      },
      "original": {
        "owner": "nix-community",
        "ref": "release-26.05",
        "repo": "home-manager",
        "type": "github"
      }
    },
    "nixCats": {
      "locked": {
        "lastModified": 1777273601,
        "narHash": "sha256-xBUa8Tl9V7IXI+VmLEuDc81La/EhoSn1C3EVSnJ3cfU=",
        "owner": "BirdeeHub",
        "repo": "nixCats-nvim",
        "rev": "f69ea013e328841a7def7037ed59788a76be8816",
        "type": "github"
      },
      "original": {
        "owner": "BirdeeHub",
        "repo": "nixCats-nvim",
        "type": "github"
      }
    },
    "nixpkgs": {
      "locked": {
        "lastModified": 1787209939,
        "narHash": "sha256-WvvHR4kSQLAbtouMC/ruZ5UpLwlUcY3K4FAllMN+yGk=",
        "owner": "NixOS",
        "repo": "nixpkgs",
        "rev": "391b592eb44808b3bd0cb80bb71b63a5a118b8bb",
        "type": "github"
      },
      "original": {
        "owner": "NixOS",
        "ref": "nixpkgs-unstable",
        "repo": "nixpkgs",
        "type": "github"
      }
    },
    "nixpkgs-2605": {
      "locked": {
        "lastModified": 1787204541,
        "narHash": "sha256-OURZPknrTjQrlNyxPdqzyqmU/81Wes1CUP/Ft1Rv/YI=",
        "owner": "nixos",
        "repo": "nixpkgs",
        "rev": "5880666fd9eb563038431edb35c2d0aa595884e6",
        "type": "github"
      },
      "original": {
        "owner": "nixos",
        "ref": "nixos-26.05",
        "repo": "nixpkgs",
        "type": "github"
      }
    },
    "nixpkgs_2": {
      "locked": {
        "lastModified": 1787360063,
        "narHash": "sha256-dt4WdcvsA8/RCe+VZZwqU0X+XMM3wBbGCWA0/sFWzGo=",
        "owner": "nixos",
        "repo": "nixpkgs",
        "rev": "2c423e03bbafcff28bfadc6781a4a8257f205cb5",
        "type": "github"
      },
      "original": {
        "owner": "nixos",
        "ref": "nixos-unstable",
        "repo": "nixpkgs",
        "type": "github"
      }
    },
    "root": {
      "inputs": {
        "claude-code": "claude-code",
        "firefox-addons": "firefox-addons",
        "firefox-addons-2605": "firefox-addons-2605",
        "home-manager": "home-manager",
        "home-manager-2605": "home-manager-2605",
        "nixCats": "nixCats",
        "nixpkgs": "nixpkgs_2",
        "nixpkgs-2605": "nixpkgs-2605",
        "silentSDDM": "silentSDDM",
        "silentSDDM-2605": "silentSDDM-2605",
        "wallpaper": "wallpaper",
        "zen-browser": "zen-browser",
        "zen-browser-2605": "zen-browser-2605"
      }
    },
    "silentSDDM": {
      "inputs": {
        "nixpkgs": [
          "nixpkgs"
        ]
      },
      "locked": {
        "lastModified": 1785353884,
        "narHash": "sha256-UYAP/sPJxG95tN6a4VNTcskY54ud2sIQKrTzTLioGv0=",
        "owner": "uiriansan",
        "repo": "SilentSDDM",
        "rev": "0dc4386ef570659537b480f4b226b3b6f2699948",
        "type": "github"
      },
      "original": {
        "owner": "uiriansan",
        "repo": "SilentSDDM",
        "type": "github"
      }
    },
    "silentSDDM-2605": {
      "inputs": {
        "nixpkgs": [
          "nixpkgs-2605"
        ]
      },
      "locked": {
        "lastModified": 1785353884,
        "narHash": "sha256-UYAP/sPJxG95tN6a4VNTcskY54ud2sIQKrTzTLioGv0=",
        "owner": "uiriansan",
        "repo": "SilentSDDM",
        "rev": "0dc4386ef570659537b480f4b226b3b6f2699948",
        "type": "github"
      },
      "original": {
        "owner": "uiriansan",
        "repo": "SilentSDDM",
        "type": "github"
      }
    },
    "systems": {
      "locked": {
        "lastModified": 1681028828,
        "narHash": "sha256-Vy1rq5AaRuLzOxct8nz4T6wlgyUR7zLU309k9mBC768=",
        "owner": "nix-systems",
        "repo": "default",
        "rev": "da67096a3b9bf56a91d16901293e51ba5b49a27e",
        "type": "github"
      },
      "original": {
        "owner": "nix-systems",
        "repo": "default",
        "type": "github"
      }
    },
    "wallpaper": {
      "flake": false,
      "locked": {
        "narHash": "sha256-u+Z1NHRvkGiAuHutiDirYMivxRz5hxF/dEGJoVbFLIE=",
        "type": "file",
        "url": "https://www.desktophut.com/files/ieMNgswbJB-Wallpaper12Prob4.mp4"
      },
      "original": {
        "type": "file",
        "url": "https://www.desktophut.com/files/ieMNgswbJB-Wallpaper12Prob4.mp4"
      }
    },
    "zen-browser": {
      "inputs": {
        "home-manager": [
          "home-manager"
        ],
        "nixpkgs": [
          "nixpkgs"
        ]
      },
      "locked": {
        "lastModified": 1787430507,
        "narHash": "sha256-suOYXVn7PadruX8SlCji40gnmKUqQOSQRLtja/E60Vw=",
        "owner": "0xc000022070",
        "repo": "zen-browser-flake",
        "rev": "b49e5b7b3f925b78b2af9ca21e81e8c0d1a4711e",
        "type": "github"
      },
      "original": {
        "owner": "0xc000022070",
        "repo": "zen-browser-flake",
        "type": "github"
      }
    },
    "zen-browser-2605": {
      "inputs": {
        "home-manager": [
          "home-manager-2605"
        ],
        "nixpkgs": [
          "nixpkgs-2605"
        ]
      },
      "locked": {
        "lastModified": 1787430507,
        "narHash": "sha256-suOYXVn7PadruX8SlCji40gnmKUqQOSQRLtja/E60Vw=",
        "owner": "0xc000022070",
        "repo": "zen-browser-flake",
        "rev": "b49e5b7b3f925b78b2af9ca21e81e8c0d1a4711e",
        "type": "github"
      },
      "original": {
        "owner": "0xc000022070",
        "repo": "zen-browser-flake",
        "type": "github"
      }
    }
  },
  "root": "root",
  "version": 7
}
