{
  "nodes": {
    "nixpkgs": {
      "locked": {
        "lastModified": 1761672384,
        "narHash": "sha256-o9KF3DJL7g7iYMZq9SWgfS1BFlNbsm6xplRjVlOCkXI=",
        "owner": "nixos",
        "repo": "nixpkgs",
        "rev": "08dacfca559e1d7da38f3cf05f1f45ee9bfd213c",
        "type": "github"
      },
      "original": {
        "owner": "nixos",
        "ref": "nixos-unstable",
        "repo": "nixpkgs",
        "type": "github"
      }
    },
    "root": {
      "inputs": {
        "nixpkgs": "nixpkgs",
        "silentSDDM": "silentSDDM",
        "wallpaper": "wallpaper"
      }
    },
    "silentSDDM": {
      "inputs": {
        "nixpkgs": [
          "nixpkgs"
        ]
      },
      "locked": {
        "lastModified": 1771956684,
        "narHash": "sha256-+EtzmEzGA2xqwIvKrP0euYaOzrmTQWEWAiWV+k2WBEM=",
        "owner": "uiriansan",
        "repo": "SilentSDDM",
        "rev": "34f82e1fb8412fff78b82a0dcce763492b36054c",
        "type": "github"
      },
      "original": {
        "owner": "uiriansan",
        "repo": "SilentSDDM",
        "type": "github"
      }
    },
    "wallpaper": {
      "flake": false,
      "locked": {
        "narHash": "sha256-u+Z1NHRvkGiAuHutiDirYMivxRz5hxF/dEGJoVbFLIE=",
        "type": "file",
        "url": "https://www.desktophut.com/files/ieMNgswbJB-Wallpaper12Prob4.mp4"
      },
      "original": {
        "type": "file",
        "url": "https://www.desktophut.com/files/ieMNgswbJB-Wallpaper12Prob4.mp4"
      }
    }
  },
  "root": "root",
  "version": 7
}
